// !$*UTF8*$!
{
	archiveVersion = 1;
	classes = {
	};
	objectVersion = 55;
	objects = {

/* Begin PBXBuildFile section */
		B215DA5F27FE329400376D99 /* Changelog.swift in Sources */ = {isa = PBXBuildFile; fileRef = B215DA5E27FE329400376D99 /* Changelog.swift */; };
		B2A872F427FDCA050097B531 /* MenuNote.swift in Sources */ = {isa = PBXBuildFile; fileRef = B2A872F327FDCA050097B531 /* MenuNote.swift */; };
		B2A872F627FDCA050097B531 /* About.swift in Sources */ = {isa = PBXBuildFile; fileRef = B2A872F527FDCA050097B531 /* About.swift */; };
		B2A872F827FDCA060097B531 /* Assets.xcassets in Resources */ = {isa = PBXBuildFile; fileRef = B2A872F727FDCA060097B531 /* Assets.xcassets */; };
		B2A872FB27FDCA060097B531 /* Preview Assets.xcassets in Resources */ = {isa = PBXBuildFile; fileRef = B2A872FA27FDCA060097B531 /* Preview Assets.xcassets */; };
		B2A8730427FDCAA50097B531 /* Menu.swift in Sources */ = {isa = PBXBuildFile; fileRef = B2A8730327FDCAA50097B531 /* Menu.swift */; };
		B2A8730727FDCFD40097B531 /* Files.swift in Sources */ = {isa = PBXBuildFile; fileRef = B2A8730627FDCFD40097B531 /* Files.swift */; };
		B2A8730927FDCFE70097B531 /* Note.swift in Sources */ = {isa = PBXBuildFile; fileRef = B2A8730827FDCFE70097B531 /* Note.swift */; };
		B2FB436E27FEBAA400D8675E /* AppDelegate.swift in Sources */ = {isa = PBXBuildFile; fileRef = B2FB436D27FEBAA400D8675E /* AppDelegate.swift */; };
/* End PBXBuildFile section */

/* Begin PBXFileReference section */
		B215DA5E27FE329400376D99 /* Changelog.swift */ = {isa = PBXFileReference; lastKnownFileType = sourcecode.swift; path = Changelog.swift; sourceTree = "<group>"; };
		B2A872F027FDCA050097B531 /* Menu Note.app */ = {isa = PBXFileReference; explicitFileType = wrapper.application; includeInIndex = 0; path = "Menu Note.app"; sourceTree = BUILT_PRODUCTS_DIR; };
		B2A872F327FDCA050097B531 /* MenuNote.swift */ = {isa = PBXFileReference; lastKnownFileType = sourcecode.swift; path = MenuNote.swift; sourceTree = "<group>"; };
		B2A872F527FDCA050097B531 /* About.swift */ = {isa = PBXFileReference; lastKnownFileType = sourcecode.swift; path = About.swift; sourceTree = "<group>"; };
		B2A872F727FDCA060097B531 /* Assets.xcassets */ = {isa = PBXFileReference; lastKnownFileType = folder.assetcatalog; path = Assets.xcassets; sourceTree = "<group>"; };
		B2A872FA27FDCA060097B531 /* Preview Assets.xcassets */ = {isa = PBXFileReference; lastKnownFileType = folder.assetcatalog; path = "Preview Assets.xcassets"; sourceTree = "<group>"; };
		B2A872FC27FDCA060097B531 /* Menu_Note.entitlements */ = {isa = PBXFileReference; lastKnownFileType = text.plist.entitlements; path = Menu_Note.entitlements; sourceTree = "<group>"; };
		B2A8730327FDCAA50097B531 /* Menu.swift */ = {isa = PBXFileReference; lastKnownFileType = sourcecode.swift; path = Menu.swift; sourceTree = "<group>"; };
		B2A8730627FDCFD40097B531 /* Files.swift */ = {isa = PBXFileReference; fileEncoding = 4; lastKnownFileType = sourcecode.swift; path = Files.swift; sourceTree = "<group>"; };
		B2A8730827FDCFE70097B531 /* Note.swift */ = {isa = PBXFileReference; lastKnownFileType = sourcecode.swift; path = Note.swift; sourceTree = "<group>"; };
		B2FB436D27FEBAA400D8675E /* AppDelegate.swift */ = {isa = PBXFileReference; lastKnownFileType = sourcecode.swift; path = AppDelegate.swift; sourceTree = "<group>"; };
		B2FB436F27FEBB2600D8675E /* Menu-Note-Info.plist */ = {isa = PBXFileReference; lastKnownFileType = text.plist; path = "Menu-Note-Info.plist"; sourceTree = SOURCE_ROOT; };
/* End PBXFileReference section */

/* Begin PBXFrameworksBuildPhase section */
		B2A872ED27FDCA050097B531 /* Frameworks */ = {
			isa = PBXFrameworksBuildPhase;
			buildActionMask = 2147483647;
			files = (
			);
			runOnlyForDeploymentPostprocessing = 0;
		};
/* End PBXFrameworksBuildPhase section */

/* Begin PBXGroup section */
		B2A872E727FDCA050097B531 = {
			isa = PBXGroup;
			children = (
				B2A872F227FDCA050097B531 /* Menu Note */,
				B2A872F127FDCA050097B531 /* Products */,
			);
			sourceTree = "<group>";
		};
		B2A872F127FDCA050097B531 /* Products */ = {
			isa = PBXGroup;
			children = (
				B2A872F027FDCA050097B531 /* Menu Note.app */,
			);
			name = Products;
			sourceTree = "<group>";
		};
		B2A872F227FDCA050097B531 /* Menu Note */ = {
			isa = PBXGroup;
			children = (
				B2A8730527FDCFD40097B531 /* Utils */,
				B2A8730227FDCA8A0097B531 /* Views */,
				B2A872F327FDCA050097B531 /* MenuNote.swift */,
				B2FB436D27FEBAA400D8675E /* AppDelegate.swift */,
				B2A872F727FDCA060097B531 /* Assets.xcassets */,
				B2A872FC27FDCA060097B531 /* Menu_Note.entitlements */,
				B2FB436F27FEBB2600D8675E /* Menu-Note-Info.plist */,
				B2A872F927FDCA060097B531 /* Preview Content */,
			);
			path = "Menu Note";
			sourceTree = "<group>";
		};
		B2A872F927FDCA060097B531 /* Preview Content */ = {
			isa = PBXGroup;
			children = (
				B2A872FA27FDCA060097B531 /* Preview Assets.xcassets */,
			);
			path = "Preview Content";
			sourceTree = "<group>";
		};
		B2A8730227FDCA8A0097B531 /* Views */ = {
			isa = PBXGroup;
			children = (
				B2A872F527FDCA050097B531 /* About.swift */,
				B2A8730327FDCAA50097B531 /* Menu.swift */,
				B215DA5E27FE329400376D99 /* Changelog.swift */,
			);
			path = Views;
			sourceTree = "<group>";
		};
		B2A8730527FDCFD40097B531 /* Utils */ = {
			isa = PBXGroup;
			children = (
				B2A8730627FDCFD40097B531 /* Files.swift */,
				B2A8730827FDCFE70097B531 /* Note.swift */,
			);
			name = Utils;
			path = ../../Utils;
			sourceTree = "<group>";
		};
/* End PBXGroup section */

/* Begin PBXNativeTarget section */
		B2A872EF27FDCA050097B531 /* Menu Note */ = {
			isa = PBXNativeTarget;
			buildConfigurationList = B2A872FF27FDCA060097B531 /* Build configuration list for PBXNativeTarget "Menu Note" */;
			buildPhases = (
				B2A872EC27FDCA050097B531 /* Sources */,
				B2A872ED27FDCA050097B531 /* Frameworks */,
				B2A872EE27FDCA050097B531 /* Resources */,
			);
			buildRules = (
			);
			dependencies = (
			);
			name = "Menu Note";
			productName = "Menu Note";
			productReference = B2A872F027FDCA050097B531 /* Menu Note.app */;
			productType = "com.apple.product-type.application";
		};
/* End PBXNativeTarget section */

/* Begin PBXProject section */
		B2A872E827FDCA050097B531 /* Project object */ = {
			isa = PBXProject;
			attributes = {
				BuildIndependentTargetsInParallel = 1;
				LastSwiftUpdateCheck = 1330;
				LastUpgradeCheck = 1330;
				TargetAttributes = {
					B2A872EF27FDCA050097B531 = {
						CreatedOnToolsVersion = 13.3;
					};
				};
			};
			buildConfigurationList = B2A872EB27FDCA050097B531 /* Build configuration list for PBXProject "Menu Note" */;
			compatibilityVersion = "Xcode 13.0";
			developmentRegion = en;
			hasScannedForEncodings = 0;
			knownRegions = (
				en,
				Base,
			);
			mainGroup = B2A872E727FDCA050097B531;
			productRefGroup = B2A872F127FDCA050097B531 /* Products */;
			projectDirPath = "";
			projectRoot = "";
			targets = (
				B2A872EF27FDCA050097B531 /* Menu Note */,
			);
		};
/* End PBXProject section */

/* Begin PBXResourcesBuildPhase section */
		B2A872EE27FDCA050097B531 /* Resources */ = {
			isa = PBXResourcesBuildPhase;
			buildActionMask = 2147483647;
			files = (
				B2A872FB27FDCA060097B531 /* Preview Assets.xcassets in Resources */,
				B2A872F827FDCA060097B531 /* Assets.xcassets in Resources */,
			);
			runOnlyForDeploymentPostprocessing = 0;
		};
/* End PBXResourcesBuildPhase section */

/* Begin PBXSourcesBuildPhase section */
		B2A872EC27FDCA050097B531 /* Sources */ = {
			isa = PBXSourcesBuildPhase;
			buildActionMask = 2147483647;
			files = (
				B2A8730927FDCFE70097B531 /* Note.swift in Sources */,
				B2A872F627FDCA050097B531 /* About.swift in Sources */,
				B215DA5F27FE329400376D99 /* Changelog.swift in Sources */,
				B2A8730727FDCFD40097B531 /* Files.swift in Sources */,
				B2FB436E27FEBAA400D8675E /* AppDelegate.swift in Sources */,
				B2A8730427FDCAA50097B531 /* Menu.swift in Sources */,
				B2A872F427FDCA050097B531 /* MenuNote.swift in Sources */,
			);
			runOnlyForDeploymentPostprocessing = 0;
		};
/* End PBXSourcesBuildPhase section */

/* Begin XCBuildConfiguration section */
		B2A872FD27FDCA060097B531 /* Debug */ = {
			isa = XCBuildConfiguration;
			buildSettings = {
				ALWAYS_SEARCH_USER_PATHS = NO;
				CLANG_ANALYZER_NONNULL = YES;
				CLANG_ANALYZER_NUMBER_OBJECT_CONVERSION = YES_AGGRESSIVE;
				CLANG_CXX_LANGUAGE_STANDARD = "gnu++17";
				CLANG_ENABLE_MODULES = YES;
				CLANG_ENABLE_OBJC_ARC = YES;
				CLANG_ENABLE_OBJC_WEAK = YES;
				CLANG_WARN_BLOCK_CAPTURE_AUTORELEASING = YES;
				CLANG_WARN_BOOL_CONVERSION = YES;
				CLANG_WARN_COMMA = YES;
				CLANG_WARN_CONSTANT_CONVERSION = YES;
				CLANG_WARN_DEPRECATED_OBJC_IMPLEMENTATIONS = YES;
				CLANG_WARN_DIRECT_OBJC_ISA_USAGE = YES_ERROR;
				CLANG_WARN_DOCUMENTATION_COMMENTS = YES;
				CLANG_WARN_EMPTY_BODY = YES;
				CLANG_WARN_ENUM_CONVERSION = YES;
				CLANG_WARN_INFINITE_RECURSION = YES;
				CLANG_WARN_INT_CONVERSION = YES;
				CLANG_WARN_NON_LITERAL_NULL_CONVERSION = YES;
				CLANG_WARN_OBJC_IMPLICIT_RETAIN_SELF = YES;
				CLANG_WARN_OBJC_LITERAL_CONVERSION = YES;
				CLANG_WARN_OBJC_ROOT_CLASS = YES_ERROR;
				CLANG_WARN_QUOTED_INCLUDE_IN_FRAMEWORK_HEADER = YES;
				CLANG_WARN_RANGE_LOOP_ANALYSIS = YES;
				CLANG_WARN_STRICT_PROTOTYPES = YES;
				CLANG_WARN_SUSPICIOUS_MOVE = YES;
				CLANG_WARN_UNGUARDED_AVAILABILITY = YES_AGGRESSIVE;
				CLANG_WARN_UNREACHABLE_CODE = YES;
				CLANG_WARN__DUPLICATE_METHOD_MATCH = YES;
				COPY_PHASE_STRIP = NO;
				DEBUG_INFORMATION_FORMAT = dwarf;
				ENABLE_STRICT_OBJC_MSGSEND = YES;
				ENABLE_TESTABILITY = YES;
				GCC_C_LANGUAGE_STANDARD = gnu11;
				GCC_DYNAMIC_NO_PIC = NO;
				GCC_NO_COMMON_BLOCKS = YES;
				GCC_OPTIMIZATION_LEVEL = 0;
				GCC_PREPROCESSOR_DEFINITIONS = (
					"DEBUG=1",
					"$(inherited)",
				);
				GCC_WARN_64_TO_32_BIT_CONVERSION = YES;
				GCC_WARN_ABOUT_RETURN_TYPE = YES_ERROR;
				GCC_WARN_UNDECLARED_SELECTOR = YES;
				GCC_WARN_UNINITIALIZED_AUTOS = YES_AGGRESSIVE;
				GCC_WARN_UNUSED_FUNCTION = YES;
				GCC_WARN_UNUSED_VARIABLE = YES;
				MACOSX_DEPLOYMENT_TARGET = 12.0;
				MTL_ENABLE_DEBUG_INFO = INCLUDE_SOURCE;
				MTL_FAST_MATH = YES;
				ONLY_ACTIVE_ARCH = YES;
				SDKROOT = macosx;
				SWIFT_ACTIVE_COMPILATION_CONDITIONS = DEBUG;
				SWIFT_OPTIMIZATION_LEVEL = "-Onone";
			};
			name = Debug;
		};
		B2A872FE27FDCA060097B531 /* Release */ = {
			isa = XCBuildConfiguration;
			buildSettings = {
				ALWAYS_SEARCH_USER_PATHS = NO;
				CLANG_ANALYZER_NONNULL = YES;
				CLANG_ANALYZER_NUMBER_OBJECT_CONVERSION = YES_AGGRESSIVE;
				CLANG_CXX_LANGUAGE_STANDARD = "gnu++17";
				CLANG_ENABLE_MODULES = YES;
				CLANG_ENABLE_OBJC_ARC = YES;
				CLANG_ENABLE_OBJC_WEAK = YES;
				CLANG_WARN_BLOCK_CAPTURE_AUTORELEASING = YES;
				CLANG_WARN_BOOL_CONVERSION = YES;
				CLANG_WARN_COMMA = YES;
				CLANG_WARN_CONSTANT_CONVERSION = YES;
				CLANG_WARN_DEPRECATED_OBJC_IMPLEMENTATIONS = YES;
				CLANG_WARN_DIRECT_OBJC_ISA_USAGE = YES_ERROR;
				CLANG_WARN_DOCUMENTATION_COMMENTS = YES;
				CLANG_WARN_EMPTY_BODY = YES;
				CLANG_WARN_ENUM_CONVERSION = YES;
				CLANG_WARN_INFINITE_RECURSION = YES;
				CLANG_WARN_INT_CONVERSION = YES;
				CLANG_WARN_NON_LITERAL_NULL_CONVERSION = YES;
				CLANG_WARN_OBJC_IMPLICIT_RETAIN_SELF = YES;
				CLANG_WARN_OBJC_LITERAL_CONVERSION = YES;
				CLANG_WARN_OBJC_ROOT_CLASS = YES_ERROR;
				CLANG_WARN_QUOTED_INCLUDE_IN_FRAMEWORK_HEADER = YES;
				CLANG_WARN_RANGE_LOOP_ANALYSIS = YES;
				CLANG_WARN_STRICT_PROTOTYPES = YES;
				CLANG_WARN_SUSPICIOUS_MOVE = YES;
				CLANG_WARN_UNGUARDED_AVAILABILITY = YES_AGGRESSIVE;
				CLANG_WARN_UNREACHABLE_CODE = YES;
				CLANG_WARN__DUPLICATE_METHOD_MATCH = YES;
				COPY_PHASE_STRIP = NO;
				DEBUG_INFORMATION_FORMAT = "dwarf-with-dsym";
				ENABLE_NS_ASSERTIONS = NO;
				ENABLE_STRICT_OBJC_MSGSEND = YES;
				GCC_C_LANGUAGE_STANDARD = gnu11;
				GCC_NO_COMMON_BLOCKS = YES;
				GCC_WARN_64_TO_32_BIT_CONVERSION = YES;
				GCC_WARN_ABOUT_RETURN_TYPE = YES_ERROR;
				GCC_WARN_UNDECLARED_SELECTOR = YES;
				GCC_WARN_UNINITIALIZED_AUTOS = YES_AGGRESSIVE;
				GCC_WARN_UNUSED_FUNCTION = YES;
				GCC_WARN_UNUSED_VARIABLE = YES;
				MACOSX_DEPLOYMENT_TARGET = 12.0;
				MTL_ENABLE_DEBUG_INFO = NO;
				MTL_FAST_MATH = YES;
				SDKROOT = macosx;
				SWIFT_COMPILATION_MODE = wholemodule;
				SWIFT_OPTIMIZATION_LEVEL = "-O";
			};
			name = Release;
		};
		B2A8730027FDCA060097B531 /* Debug */ = {
			isa = XCBuildConfiguration;
			buildSettings = {
				ASSETCATALOG_COMPILER_APPICON_NAME = AppIcon;
				ASSETCATALOG_COMPILER_GLOBAL_ACCENT_COLOR_NAME = AccentColor;
				CODE_SIGN_ENTITLEMENTS = "Menu Note/Menu_Note.entitlements";
				CODE_SIGN_STYLE = Automatic;
				COMBINE_HIDPI_IMAGES = YES;
				CURRENT_PROJECT_VERSION = 1;
				DEVELOPMENT_ASSET_PATHS = "\"Menu Note/Preview Content\"";
				ENABLE_PREVIEWS = YES;
				GENERATE_INFOPLIST_FILE = YES;
				INFOPLIST_FILE = "Menu-Note-Info.plist";
				INFOPLIST_KEY_NSHumanReadableCopyright = "";
				LD_RUNPATH_SEARCH_PATHS = (
					"$(inherited)",
					"@executable_path/../Frameworks",
				);
				MARKETING_VERSION = 1.0;
				PRODUCT_BUNDLE_IDENTIFIER = "bentettmar.Menu-Note";
				PRODUCT_NAME = "$(TARGET_NAME)";
				SWIFT_EMIT_LOC_STRINGS = YES;
				SWIFT_VERSION = 5.0;
			};
			name = Debug;
		};
		B2A8730127FDCA060097B531 /* Release */ = {
			isa = XCBuildConfiguration;
			buildSettings = {
				ASSETCATALOG_COMPILER_APPICON_NAME = AppIcon;
				ASSETCATALOG_COMPILER_GLOBAL_ACCENT_COLOR_NAME = AccentColor;
				CODE_SIGN_ENTITLEMENTS = "Menu Note/Menu_Note.entitlements";
				CODE_SIGN_STYLE = Automatic;
				COMBINE_HIDPI_IMAGES = YES;
				CURRENT_PROJECT_VERSION = 1;
				DEVELOPMENT_ASSET_PATHS = "\"Menu Note/Preview Content\"";
				ENABLE_PREVIEWS = YES;
				GENERATE_INFOPLIST_FILE = YES;
				INFOPLIST_FILE = "Menu-Note-Info.plist";
				INFOPLIST_KEY_NSHumanReadableCopyright = "";
				LD_RUNPATH_SEARCH_PATHS = (
					"$(inherited)",
					"@executable_path/../Frameworks",
				);
				MARKETING_VERSION = 1.0;
				PRODUCT_BUNDLE_IDENTIFIER = "bentettmar.Menu-Note";
				PRODUCT_NAME = "$(TARGET_NAME)";
				SWIFT_EMIT_LOC_STRINGS = YES;
				SWIFT_VERSION = 5.0;
			};
			name = Release;
		};
/* End XCBuildConfiguration section */

/* Begin XCConfigurationList section */
		B2A872EB27FDCA050097B531 /* Build configuration list for PBXProject "Menu Note" */ = {
			isa = XCConfigurationList;
			buildConfigurations = (
				B2A872FD27FDCA060097B531 /* Debug */,
				B2A872FE27FDCA060097B531 /* Release */,
			);
			defaultConfigurationIsVisible = 0;
			defaultConfigurationName = Release;
		};
		B2A872FF27FDCA060097B531 /* Build configuration list for PBXNativeTarget "Menu Note" */ = {
			isa = XCConfigurationList;
			buildConfigurations = (
				B2A8730027FDCA060097B531 /* Debug */,
				B2A8730127FDCA060097B531 /* Release */,
			);
			defaultConfigurationIsVisible = 0;
			defaultConfigurationName = Release;
		};
/* End XCConfigurationList section */
	};
	rootObject = B2A872E827FDCA050097B531 /* Project object */;
}
